
Microsoft Visual Studio Solution File, Format Version 12.00
Project("{FAE04EC0-301F-11D3-BF4B-00C04F79EFBC}") = "Task1", "Task1\Task1.csproj", "{5DB5F0B1-0012-4FD3-99DA-0A97CE03CEBB}"
EndProject
Project("{FAE04EC0-301F-11D3-BF4B-00C04F79EFBC}") = "Task2", "Task2\Task2.csproj", "{C337D01E-C122-477E-B4B2-86FC7354A7F4}"
EndProject
Project("{2150E333-8FDC-42A3-9474-1A3956D46DE8}") = "Tests", "Tests", "{0125AE3A-051A-4CC3-9B96-0B19CEA01DD0}"
EndProject
Project("{2150E333-8FDC-42A3-9474-1A3956D46DE8}") = "Task4", "Task4", "{435823A4-0689-4B90-85D8-5426D60C251D}"
EndProject
Project("{FAE04EC0-301F-11D3-BF4B-00C04F79EFBC}") = "ConsoleLogic", "Task4\ConsoleLogic\ConsoleLogic.csproj", "{1FBB3D47-8D6B-4980-9373-C9B7097BC5EA}"
EndProject
Project("{FAE04EC0-301F-11D3-BF4B-00C04F79EFBC}") = "StatisticApi", "Task4\StatisticApi\StatisticApi.csproj", "{EDEFE738-A9CB-4F86-84CF-DC553581F5E0}"
EndProject
Project("{FAE04EC0-301F-11D3-BF4B-00C04F79EFBC}") = "Dal", "Task4\Dal\Dal.csproj", "{90B9FEC9-501F-44A0-B122-DEF89797D54B}"
EndProject
Project("{FAE04EC0-301F-11D3-BF4B-00C04F79EFBC}") = "Logic", "Task4\Logic\Logic.csproj", "{032314D8-4116-4026-A2B4-DE94F03D8E93}"
EndProject
Global
	GlobalSection(SolutionConfigurationPlatforms) = preSolution
		Debug|Any CPU = Debug|Any CPU
		Release|Any CPU = Release|Any CPU
	EndGlobalSection
	GlobalSection(ProjectConfigurationPlatforms) = postSolution
		{5DB5F0B1-0012-4FD3-99DA-0A97CE03CEBB}.Debug|Any CPU.ActiveCfg = Debug|Any CPU
		{5DB5F0B1-0012-4FD3-99DA-0A97CE03CEBB}.Debug|Any CPU.Build.0 = Debug|Any CPU
		{5DB5F0B1-0012-4FD3-99DA-0A97CE03CEBB}.Release|Any CPU.ActiveCfg = Release|Any CPU
		{5DB5F0B1-0012-4FD3-99DA-0A97CE03CEBB}.Release|Any CPU.Build.0 = Release|Any CPU
		{C337D01E-C122-477E-B4B2-86FC7354A7F4}.Debug|Any CPU.ActiveCfg = Debug|Any CPU
		{C337D01E-C122-477E-B4B2-86FC7354A7F4}.Debug|Any CPU.Build.0 = Debug|Any CPU
		{C337D01E-C122-477E-B4B2-86FC7354A7F4}.Release|Any CPU.ActiveCfg = Release|Any CPU
		{C337D01E-C122-477E-B4B2-86FC7354A7F4}.Release|Any CPU.Build.0 = Release|Any CPU
		{1FBB3D47-8D6B-4980-9373-C9B7097BC5EA}.Debug|Any CPU.ActiveCfg = Debug|Any CPU
		{1FBB3D47-8D6B-4980-9373-C9B7097BC5EA}.Debug|Any CPU.Build.0 = Debug|Any CPU
		{1FBB3D47-8D6B-4980-9373-C9B7097BC5EA}.Release|Any CPU.ActiveCfg = Release|Any CPU
		{1FBB3D47-8D6B-4980-9373-C9B7097BC5EA}.Release|Any CPU.Build.0 = Release|Any CPU
		{EDEFE738-A9CB-4F86-84CF-DC553581F5E0}.Debug|Any CPU.ActiveCfg = Debug|Any CPU
		{EDEFE738-A9CB-4F86-84CF-DC553581F5E0}.Debug|Any CPU.Build.0 = Debug|Any CPU
		{EDEFE738-A9CB-4F86-84CF-DC553581F5E0}.Release|Any CPU.ActiveCfg = Release|Any CPU
		{EDEFE738-A9CB-4F86-84CF-DC553581F5E0}.Release|Any CPU.Build.0 = Release|Any CPU
		{90B9FEC9-501F-44A0-B122-DEF89797D54B}.Debug|Any CPU.ActiveCfg = Debug|Any CPU
		{90B9FEC9-501F-44A0-B122-DEF89797D54B}.Debug|Any CPU.Build.0 = Debug|Any CPU
		{90B9FEC9-501F-44A0-B122-DEF89797D54B}.Release|Any CPU.ActiveCfg = Release|Any CPU
		{90B9FEC9-501F-44A0-B122-DEF89797D54B}.Release|Any CPU.Build.0 = Release|Any CPU
		{032314D8-4116-4026-A2B4-DE94F03D8E93}.Debug|Any CPU.ActiveCfg = Debug|Any CPU
		{032314D8-4116-4026-A2B4-DE94F03D8E93}.Debug|Any CPU.Build.0 = Debug|Any CPU
		{032314D8-4116-4026-A2B4-DE94F03D8E93}.Release|Any CPU.ActiveCfg = Release|Any CPU
		{032314D8-4116-4026-A2B4-DE94F03D8E93}.Release|Any CPU.Build.0 = Release|Any CPU
	EndGlobalSection
	GlobalSection(NestedProjects) = preSolution
		{1FBB3D47-8D6B-4980-9373-C9B7097BC5EA} = {435823A4-0689-4B90-85D8-5426D60C251D}
		{EDEFE738-A9CB-4F86-84CF-DC553581F5E0} = {435823A4-0689-4B90-85D8-5426D60C251D}
		{90B9FEC9-501F-44A0-B122-DEF89797D54B} = {435823A4-0689-4B90-85D8-5426D60C251D}
		{032314D8-4116-4026-A2B4-DE94F03D8E93} = {435823A4-0689-4B90-85D8-5426D60C251D}
	EndGlobalSection
EndGlobal
